# This file is automatically @generated by Cargo.
# It is not intended for manual editing.
version = 4

[[package]]
name = "hyp_brush"
version = "0.1.0"
dependencies = [
 "hyp_core",
 "hyp_tiles",
]

[[package]]
name = "hyp_compositor"
version = "0.1.0"
dependencies = [
 "hyp_brush",
 "hyp_core",
 "hyp_tiles",
]

[[package]]
name = "hyp_core"
version = "0.1.0"

[[package]]
name = "hyp_export"
version = "0.1.0"
dependencies = [
 "hyp_brush",
 "hyp_compositor",
 "hyp_core",
]

[[package]]
name = "hyp_tiles"
version = "0.1.0"
dependencies = [
 "hyp_core",
]
